
Microsoft Visual Studio Solution File, Format Version 12.00
# Visual Studio Version 16
VisualStudioVersion = 16.0.30621.155
MinimumVisualStudioVersion = 10.0.40219.1
Project("{FAE04EC0-301F-11D3-BF4B-00C04F79EFBC}") = "ProductReviewManagement", "ProductReviewManagement\ProductReviewManagement.csproj", "{1CA3EC7A-9AEE-4D66-A154-0050E83C9203}"
EndProject
Global
	GlobalSection(SolutionConfigurationPlatforms) = preSolution
		Debug|Any CPU = Debug|Any CPU
		Release|Any CPU = Release|Any CPU
	EndGlobalSection
	GlobalSection(ProjectConfigurationPlatforms) = postSolution
		{1CA3EC7A-9AEE-4D66-A154-0050E83C9203}.Debug|Any CPU.ActiveCfg = Debug|Any CPU
		{1CA3EC7A-9AEE-4D66-A154-0050E83C9203}.Debug|Any CPU.Build.0 = Debug|Any CPU
		{1CA3EC7A-9AEE-4D66-A154-0050E83C9203}.Release|Any CPU.ActiveCfg = Release|Any CPU
		{1CA3EC7A-9AEE-4D66-A154-0050E83C9203}.Release|Any CPU.Build.0 = Release|Any CPU
	EndGlobalSection
	GlobalSection(SolutionProperties) = preSolution
		HideSolutionNode = FALSE
	EndGlobalSection
	GlobalSection(ExtensibilityGlobals) = postSolution
		SolutionGuid = {7B1FE9F2-F56C-4CC8-9253-2A9B4AA383D8}
	EndGlobalSection
EndGlobal
